
Microsoft Visual Studio Solution File, Format Version 12.00
# Visual Studio Version 17
VisualStudioVersion = 17.1.32421.90
MinimumVisualStudioVersion = 10.0.40219.1
Project("{9A19103F-16F7-4668-BE54-9A1E7A4F7556}") = "BTL_KTPM.Data", "BTL_KTPM.Data\BTL_KTPM.Data.csproj", "{75305D67-4B4B-46CC-B0D6-F98F9C89913C}"
EndProject
Project("{9A19103F-16F7-4668-BE54-9A1E7A4F7556}") = "BTL_KTPM.BackendAPI", "BTL_KTPM.BackendAPI\BTL_KTPM.BackendAPI.csproj", "{958F987A-80AD-4DE2-BC2C-B361B63A8376}"
EndProject
Project("{FAE04EC0-301F-11D3-BF4B-00C04F79EFBC}") = "BTL_KTPM.WebMvc", "BTL_KTPM.WebMvc\BTL_KTPM.WebMvc.csproj", "{BFA7323D-79D1-4CCF-A4D5-8CA4BF20E49F}"
EndProject
Project("{FAE04EC0-301F-11D3-BF4B-00C04F79EFBC}") = "BTL_KTPM.Application", "BTL_KTPM.Application\BTL_KTPM.Application.csproj", "{1822C81C-6C00-41A7-A291-29384A2EA8E5}"
EndProject
Project("{FAE04EC0-301F-11D3-BF4B-00C04F79EFBC}") = "ViewModels", "ViewModels\ViewModels.csproj", "{BAFDA644-3EE0-459E-A44A-90E689A2DFE9}"
EndProject
Global
	GlobalSection(SolutionConfigurationPlatforms) = preSolution
		Debug|Any CPU = Debug|Any CPU
		Release|Any CPU = Release|Any CPU
	EndGlobalSection
	GlobalSection(ProjectConfigurationPlatforms) = postSolution
		{75305D67-4B4B-46CC-B0D6-F98F9C89913C}.Debug|Any CPU.ActiveCfg = Debug|Any CPU
		{75305D67-4B4B-46CC-B0D6-F98F9C89913C}.Debug|Any CPU.Build.0 = Debug|Any CPU
		{75305D67-4B4B-46CC-B0D6-F98F9C89913C}.Release|Any CPU.ActiveCfg = Release|Any CPU
		{75305D67-4B4B-46CC-B0D6-F98F9C89913C}.Release|Any CPU.Build.0 = Release|Any CPU
		{958F987A-80AD-4DE2-BC2C-B361B63A8376}.Debug|Any CPU.ActiveCfg = Debug|Any CPU
		{958F987A-80AD-4DE2-BC2C-B361B63A8376}.Debug|Any CPU.Build.0 = Debug|Any CPU
		{958F987A-80AD-4DE2-BC2C-B361B63A8376}.Release|Any CPU.ActiveCfg = Release|Any CPU
		{958F987A-80AD-4DE2-BC2C-B361B63A8376}.Release|Any CPU.Build.0 = Release|Any CPU
		{BFA7323D-79D1-4CCF-A4D5-8CA4BF20E49F}.Debug|Any CPU.ActiveCfg = Debug|Any CPU
		{BFA7323D-79D1-4CCF-A4D5-8CA4BF20E49F}.Debug|Any CPU.Build.0 = Debug|Any CPU
		{BFA7323D-79D1-4CCF-A4D5-8CA4BF20E49F}.Release|Any CPU.ActiveCfg = Release|Any CPU
		{BFA7323D-79D1-4CCF-A4D5-8CA4BF20E49F}.Release|Any CPU.Build.0 = Release|Any CPU
		{1822C81C-6C00-41A7-A291-29384A2EA8E5}.Debug|Any CPU.ActiveCfg = Debug|Any CPU
		{1822C81C-6C00-41A7-A291-29384A2EA8E5}.Debug|Any CPU.Build.0 = Debug|Any CPU
		{1822C81C-6C00-41A7-A291-29384A2EA8E5}.Release|Any CPU.ActiveCfg = Release|Any CPU
		{1822C81C-6C00-41A7-A291-29384A2EA8E5}.Release|Any CPU.Build.0 = Release|Any CPU
		{BAFDA644-3EE0-459E-A44A-90E689A2DFE9}.Debug|Any CPU.ActiveCfg = Debug|Any CPU
		{BAFDA644-3EE0-459E-A44A-90E689A2DFE9}.Debug|Any CPU.Build.0 = Debug|Any CPU
		{BAFDA644-3EE0-459E-A44A-90E689A2DFE9}.Release|Any CPU.ActiveCfg = Release|Any CPU
		{BAFDA644-3EE0-459E-A44A-90E689A2DFE9}.Release|Any CPU.Build.0 = Release|Any CPU
	EndGlobalSection
	GlobalSection(SolutionProperties) = preSolution
		HideSolutionNode = FALSE
	EndGlobalSection
	GlobalSection(ExtensibilityGlobals) = postSolution
		SolutionGuid = {E9986324-3AC9-49A4-8725-F152F577F932}
	EndGlobalSection
EndGlobal
